
Microsoft Visual Studio Solution File, Format Version 12.00
# Visual Studio Version 17
VisualStudioVersion = 17.9.34723.18
MinimumVisualStudioVersion = 10.0.40219.1
Project("{FAE04EC0-301F-11D3-BF4B-00C04F79EFBC}") = "AustriaAppointmentNotification.CA", "src\AustriaAppointmentNotification.CA\AustriaAppointmentNotification.CA.csproj", "{FF603E3A-10E7-44CC-BCE6-81DAD7F71BE0}"
EndProject
Project("{FAE04EC0-301F-11D3-BF4B-00C04F79EFBC}") = "AustriaAppointmentNotification.Service", "src\AustriaAppointmentNotification.Service\AustriaAppointmentNotification.Service.csproj", "{B173C7BD-3CF4-43B9-A175-528591328A2E}"
EndProject
Global
	GlobalSection(SolutionConfigurationPlatforms) = preSolution
		Debug|Any CPU = Debug|Any CPU
		Release|Any CPU = Release|Any CPU
	EndGlobalSection
	GlobalSection(ProjectConfigurationPlatforms) = postSolution
		{FF603E3A-10E7-44CC-BCE6-81DAD7F71BE0}.Debug|Any CPU.ActiveCfg = Debug|Any CPU
		{FF603E3A-10E7-44CC-BCE6-81DAD7F71BE0}.Debug|Any CPU.Build.0 = Debug|Any CPU
		{FF603E3A-10E7-44CC-BCE6-81DAD7F71BE0}.Release|Any CPU.ActiveCfg = Release|Any CPU
		{FF603E3A-10E7-44CC-BCE6-81DAD7F71BE0}.Release|Any CPU.Build.0 = Release|Any CPU
		{B173C7BD-3CF4-43B9-A175-528591328A2E}.Debug|Any CPU.ActiveCfg = Debug|Any CPU
		{B173C7BD-3CF4-43B9-A175-528591328A2E}.Debug|Any CPU.Build.0 = Debug|Any CPU
		{B173C7BD-3CF4-43B9-A175-528591328A2E}.Release|Any CPU.ActiveCfg = Release|Any CPU
		{B173C7BD-3CF4-43B9-A175-528591328A2E}.Release|Any CPU.Build.0 = Release|Any CPU
	EndGlobalSection
	GlobalSection(SolutionProperties) = preSolution
		HideSolutionNode = FALSE
	EndGlobalSection
	GlobalSection(ExtensibilityGlobals) = postSolution
		SolutionGuid = {C36891EE-CDB9-43F3-812B-D09A5015B5CC}
	EndGlobalSection
EndGlobal
